
Microsoft Visual Studio Solution File, Format Version 12.00
# Visual Studio Version 17
VisualStudioVersion = 17.4.33213.308
MinimumVisualStudioVersion = 10.0.40219.1
Project("{FAE04EC0-301F-11D3-BF4B-00C04F79EFBC}") = "BigSchool", "BigSchool\BigSchool.csproj", "{DE1C1B73-9C98-4D44-BCAF-BF202BD8B96A}"
EndProject
Global
	GlobalSection(SolutionConfigurationPlatforms) = preSolution
		Debug|Any CPU = Debug|Any CPU
		Release|Any CPU = Release|Any CPU
	EndGlobalSection
	GlobalSection(ProjectConfigurationPlatforms) = postSolution
		{DE1C1B73-9C98-4D44-BCAF-BF202BD8B96A}.Debug|Any CPU.ActiveCfg = Debug|Any CPU
		{DE1C1B73-9C98-4D44-BCAF-BF202BD8B96A}.Debug|Any CPU.Build.0 = Debug|Any CPU
		{DE1C1B73-9C98-4D44-BCAF-BF202BD8B96A}.Release|Any CPU.ActiveCfg = Release|Any CPU
		{DE1C1B73-9C98-4D44-BCAF-BF202BD8B96A}.Release|Any CPU.Build.0 = Release|Any CPU
	EndGlobalSection
	GlobalSection(SolutionProperties) = preSolution
		HideSolutionNode = FALSE
	EndGlobalSection
	GlobalSection(ExtensibilityGlobals) = postSolution
		SolutionGuid = {375C52F6-75BE-4F5D-BD70-3AE97B01B132}
	EndGlobalSection
EndGlobal
